
Microsoft Visual Studio Solution File, Format Version 12.00
# Visual Studio Version 16
VisualStudioVersion = 16.0.31911.196
MinimumVisualStudioVersion = 10.0.40219.1
Project("{2150E333-8FDC-42A3-9474-1A3956D46DE8}") = "Services", "Services", "{3EF74BDD-97FB-4612-A057-AA606BAC164F}"
EndProject
Project("{2150E333-8FDC-42A3-9474-1A3956D46DE8}") = "Catalog", "Catalog", "{863A7074-D831-4289-B475-17DE611C63ED}"
EndProject
Project("{9A19103F-16F7-4668-BE54-9A1E7A4F7556}") = "Catalog.API", "Services\Catalog\Catalog.API\Catalog.API.csproj", "{E2417948-9F57-45D1-BE1E-674BEED60A6D}"
EndProject
Project("{2150E333-8FDC-42A3-9474-1A3956D46DE8}") = "BuildingBlocks", "BuildingBlocks", "{86F65A8E-C5B4-4565-A0EA-2BCC8C4B7F1E}"
EndProject
Project("{9A19103F-16F7-4668-BE54-9A1E7A4F7556}") = "Common.Logging", "BuildingBlocks\Common.Logging\Common.Logging.csproj", "{F984B2E2-E914-4972-8DAE-126F731FD12F}"
EndProject
Project("{E53339B2-1760-4266-BCC7-CA923CBCF16C}") = "docker-compose", "docker-compose.dcproj", "{29214824-A587-420C-80AB-2F364A83E95B}"
EndProject
Project("{2150E333-8FDC-42A3-9474-1A3956D46DE8}") = "Basket", "Basket", "{14950D2C-8BAD-4748-A78A-D687AB7F097F}"
EndProject
Project("{9A19103F-16F7-4668-BE54-9A1E7A4F7556}") = "Basket.API", "Services\Basket\Basket.API\Basket.API.csproj", "{E4A6ADA7-3827-4060-B687-6984BAB45382}"
EndProject
Project("{9A19103F-16F7-4668-BE54-9A1E7A4F7556}") = "EventBus.Messages", "BuildingBlocks\EventBus.Messages\EventBus.Messages.csproj", "{EB8220DE-663A-4C76-BADF-37A2A7F530DF}"
EndProject
Project("{2150E333-8FDC-42A3-9474-1A3956D46DE8}") = "Discount", "Discount", "{345233B1-C3B2-4EA2-AB3D-C9CB4BC6BE60}"
EndProject
Project("{9A19103F-16F7-4668-BE54-9A1E7A4F7556}") = "Discount.API", "Services\Discount\Discount.API\Discount.API.csproj", "{84070B02-944D-4FFD-9C68-DC878CE187F5}"
EndProject
Project("{9A19103F-16F7-4668-BE54-9A1E7A4F7556}") = "Discount.Grpc", "Services\Discount\Discount.Grpc\Discount.Grpc.csproj", "{F96BD83B-2F14-4CDF-B8A6-C59DB8F67C23}"
EndProject
Project("{2150E333-8FDC-42A3-9474-1A3956D46DE8}") = "Ordering", "Ordering", "{E4DFBEB9-65FA-4F43-BA69-16EF9E0D1B70}"
EndProject
Project("{9A19103F-16F7-4668-BE54-9A1E7A4F7556}") = "Ordering.Domain", "Services\Ordering\Ordering.Domain\Ordering.Domain.csproj", "{884D8095-9DDC-4BC2-9ADD-CB437FB62778}"
EndProject
Project("{9A19103F-16F7-4668-BE54-9A1E7A4F7556}") = "Ordering.Application", "Services\Ordering\Ordering.Application\Ordering.Application.csproj", "{87789E1E-EE0F-432A-8553-F1D163CCAA7A}"
EndProject
Project("{9A19103F-16F7-4668-BE54-9A1E7A4F7556}") = "Ordering.Infrastructure", "Services\Ordering\Ordering.Infrastructure\Ordering.Infrastructure.csproj", "{F623BFE2-55FF-4A17-A8B6-BE2B5354A935}"
EndProject
Project("{9A19103F-16F7-4668-BE54-9A1E7A4F7556}") = "Ordering.API", "Services\Ordering\Ordering.API\Ordering.API.csproj", "{7526BB68-57B7-4CB2-9D8A-86D65517165E}"
EndProject
Project("{2150E333-8FDC-42A3-9474-1A3956D46DE8}") = "ApiGateways", "ApiGateways", "{F1A38CBC-BD2C-4102-A4E7-1109AE8FD206}"
EndProject
Project("{9A19103F-16F7-4668-BE54-9A1E7A4F7556}") = "OcelotApiGateway", "ApiGateways\OcelotApiGateway\OcelotApiGateway.csproj", "{0A5F5181-FD68-43F3-B48B-7E48B13CB803}"
EndProject
Project("{9A19103F-16F7-4668-BE54-9A1E7A4F7556}") = "Shopping.Aggregator", "ApiGateways\Shopping.Aggregator\Shopping.Aggregator.csproj", "{14C1171C-938A-4E76-A668-7BB05981A908}"
EndProject
Project("{2150E333-8FDC-42A3-9474-1A3956D46DE8}") = "WebApps", "WebApps", "{228A6152-BFA5-48A5-B4FA-D5F0AAF51123}"
EndProject
Project("{9A19103F-16F7-4668-BE54-9A1E7A4F7556}") = "WebUI", "WebApps\WebUI\WebUI.csproj", "{ED12D0F9-A394-4FCB-A0E7-8CDADF458E5F}"
EndProject
Project("{9A19103F-16F7-4668-BE54-9A1E7A4F7556}") = "WebStatus", "WebApps\WebStatus\WebStatus.csproj", "{86970D0F-CC7D-447C-8820-A5F0D2B25C3B}"
EndProject
Global
	GlobalSection(SolutionConfigurationPlatforms) = preSolution
		Debug|Any CPU = Debug|Any CPU
		Release|Any CPU = Release|Any CPU
	EndGlobalSection
	GlobalSection(ProjectConfigurationPlatforms) = postSolution
		{E2417948-9F57-45D1-BE1E-674BEED60A6D}.Debug|Any CPU.ActiveCfg = Debug|Any CPU
		{E2417948-9F57-45D1-BE1E-674BEED60A6D}.Debug|Any CPU.Build.0 = Debug|Any CPU
		{E2417948-9F57-45D1-BE1E-674BEED60A6D}.Release|Any CPU.ActiveCfg = Release|Any CPU
		{E2417948-9F57-45D1-BE1E-674BEED60A6D}.Release|Any CPU.Build.0 = Release|Any CPU
		{F984B2E2-E914-4972-8DAE-126F731FD12F}.Debug|Any CPU.ActiveCfg = Debug|Any CPU
		{F984B2E2-E914-4972-8DAE-126F731FD12F}.Debug|Any CPU.Build.0 = Debug|Any CPU
		{F984B2E2-E914-4972-8DAE-126F731FD12F}.Release|Any CPU.ActiveCfg = Release|Any CPU
		{F984B2E2-E914-4972-8DAE-126F731FD12F}.Release|Any CPU.Build.0 = Release|Any CPU
		{29214824-A587-420C-80AB-2F364A83E95B}.Debug|Any CPU.ActiveCfg = Debug|Any CPU
		{29214824-A587-420C-80AB-2F364A83E95B}.Debug|Any CPU.Build.0 = Debug|Any CPU
		{29214824-A587-420C-80AB-2F364A83E95B}.Release|Any CPU.ActiveCfg = Release|Any CPU
		{29214824-A587-420C-80AB-2F364A83E95B}.Release|Any CPU.Build.0 = Release|Any CPU
		{E4A6ADA7-3827-4060-B687-6984BAB45382}.Debug|Any CPU.ActiveCfg = Debug|Any CPU
		{E4A6ADA7-3827-4060-B687-6984BAB45382}.Debug|Any CPU.Build.0 = Debug|Any CPU
		{E4A6ADA7-3827-4060-B687-6984BAB45382}.Release|Any CPU.ActiveCfg = Release|Any CPU
		{E4A6ADA7-3827-4060-B687-6984BAB45382}.Release|Any CPU.Build.0 = Release|Any CPU
		{EB8220DE-663A-4C76-BADF-37A2A7F530DF}.Debug|Any CPU.ActiveCfg = Debug|Any CPU
		{EB8220DE-663A-4C76-BADF-37A2A7F530DF}.Debug|Any CPU.Build.0 = Debug|Any CPU
		{EB8220DE-663A-4C76-BADF-37A2A7F530DF}.Release|Any CPU.ActiveCfg = Release|Any CPU
		{EB8220DE-663A-4C76-BADF-37A2A7F530DF}.Release|Any CPU.Build.0 = Release|Any CPU
		{84070B02-944D-4FFD-9C68-DC878CE187F5}.Debug|Any CPU.ActiveCfg = Debug|Any CPU
		{84070B02-944D-4FFD-9C68-DC878CE187F5}.Debug|Any CPU.Build.0 = Debug|Any CPU
		{84070B02-944D-4FFD-9C68-DC878CE187F5}.Release|Any CPU.ActiveCfg = Release|Any CPU
		{84070B02-944D-4FFD-9C68-DC878CE187F5}.Release|Any CPU.Build.0 = Release|Any CPU
		{F96BD83B-2F14-4CDF-B8A6-C59DB8F67C23}.Debug|Any CPU.ActiveCfg = Debug|Any CPU
		{F96BD83B-2F14-4CDF-B8A6-C59DB8F67C23}.Debug|Any CPU.Build.0 = Debug|Any CPU
		{F96BD83B-2F14-4CDF-B8A6-C59DB8F67C23}.Release|Any CPU.ActiveCfg = Release|Any CPU
		{F96BD83B-2F14-4CDF-B8A6-C59DB8F67C23}.Release|Any CPU.Build.0 = Release|Any CPU
		{884D8095-9DDC-4BC2-9ADD-CB437FB62778}.Debug|Any CPU.ActiveCfg = Debug|Any CPU
		{884D8095-9DDC-4BC2-9ADD-CB437FB62778}.Debug|Any CPU.Build.0 = Debug|Any CPU
		{884D8095-9DDC-4BC2-9ADD-CB437FB62778}.Release|Any CPU.ActiveCfg = Release|Any CPU
		{884D8095-9DDC-4BC2-9ADD-CB437FB62778}.Release|Any CPU.Build.0 = Release|Any CPU
		{87789E1E-EE0F-432A-8553-F1D163CCAA7A}.Debug|Any CPU.ActiveCfg = Debug|Any CPU
		{87789E1E-EE0F-432A-8553-F1D163CCAA7A}.Debug|Any CPU.Build.0 = Debug|Any CPU
		{87789E1E-EE0F-432A-8553-F1D163CCAA7A}.Release|Any CPU.ActiveCfg = Release|Any CPU
		{87789E1E-EE0F-432A-8553-F1D163CCAA7A}.Release|Any CPU.Build.0 = Release|Any CPU
		{F623BFE2-55FF-4A17-A8B6-BE2B5354A935}.Debug|Any CPU.ActiveCfg = Debug|Any CPU
		{F623BFE2-55FF-4A17-A8B6-BE2B5354A935}.Debug|Any CPU.Build.0 = Debug|Any CPU
		{F623BFE2-55FF-4A17-A8B6-BE2B5354A935}.Release|Any CPU.ActiveCfg = Release|Any CPU
		{F623BFE2-55FF-4A17-A8B6-BE2B5354A935}.Release|Any CPU.Build.0 = Release|Any CPU
		{7526BB68-57B7-4CB2-9D8A-86D65517165E}.Debug|Any CPU.ActiveCfg = Debug|Any CPU
		{7526BB68-57B7-4CB2-9D8A-86D65517165E}.Debug|Any CPU.Build.0 = Debug|Any CPU
		{7526BB68-57B7-4CB2-9D8A-86D65517165E}.Release|Any CPU.ActiveCfg = Release|Any CPU
		{7526BB68-57B7-4CB2-9D8A-86D65517165E}.Release|Any CPU.Build.0 = Release|Any CPU
		{0A5F5181-FD68-43F3-B48B-7E48B13CB803}.Debug|Any CPU.ActiveCfg = Debug|Any CPU
		{0A5F5181-FD68-43F3-B48B-7E48B13CB803}.Debug|Any CPU.Build.0 = Debug|Any CPU
		{0A5F5181-FD68-43F3-B48B-7E48B13CB803}.Release|Any CPU.ActiveCfg = Release|Any CPU
		{0A5F5181-FD68-43F3-B48B-7E48B13CB803}.Release|Any CPU.Build.0 = Release|Any CPU
		{14C1171C-938A-4E76-A668-7BB05981A908}.Debug|Any CPU.ActiveCfg = Debug|Any CPU
		{14C1171C-938A-4E76-A668-7BB05981A908}.Debug|Any CPU.Build.0 = Debug|Any CPU
		{14C1171C-938A-4E76-A668-7BB05981A908}.Release|Any CPU.ActiveCfg = Release|Any CPU
		{14C1171C-938A-4E76-A668-7BB05981A908}.Release|Any CPU.Build.0 = Release|Any CPU
		{ED12D0F9-A394-4FCB-A0E7-8CDADF458E5F}.Debug|Any CPU.ActiveCfg = Debug|Any CPU
		{ED12D0F9-A394-4FCB-A0E7-8CDADF458E5F}.Debug|Any CPU.Build.0 = Debug|Any CPU
		{ED12D0F9-A394-4FCB-A0E7-8CDADF458E5F}.Release|Any CPU.ActiveCfg = Release|Any CPU
		{ED12D0F9-A394-4FCB-A0E7-8CDADF458E5F}.Release|Any CPU.Build.0 = Release|Any CPU
		{86970D0F-CC7D-447C-8820-A5F0D2B25C3B}.Debug|Any CPU.ActiveCfg = Debug|Any CPU
		{86970D0F-CC7D-447C-8820-A5F0D2B25C3B}.Debug|Any CPU.Build.0 = Debug|Any CPU
		{86970D0F-CC7D-447C-8820-A5F0D2B25C3B}.Release|Any CPU.ActiveCfg = Release|Any CPU
		{86970D0F-CC7D-447C-8820-A5F0D2B25C3B}.Release|Any CPU.Build.0 = Release|Any CPU
	EndGlobalSection
	GlobalSection(SolutionProperties) = preSolution
		HideSolutionNode = FALSE
	EndGlobalSection
	GlobalSection(NestedProjects) = preSolution
		{863A7074-D831-4289-B475-17DE611C63ED} = {3EF74BDD-97FB-4612-A057-AA606BAC164F}
		{E2417948-9F57-45D1-BE1E-674BEED60A6D} = {863A7074-D831-4289-B475-17DE611C63ED}
		{F984B2E2-E914-4972-8DAE-126F731FD12F} = {86F65A8E-C5B4-4565-A0EA-2BCC8C4B7F1E}
		{14950D2C-8BAD-4748-A78A-D687AB7F097F} = {3EF74BDD-97FB-4612-A057-AA606BAC164F}
		{E4A6ADA7-3827-4060-B687-6984BAB45382} = {14950D2C-8BAD-4748-A78A-D687AB7F097F}
		{EB8220DE-663A-4C76-BADF-37A2A7F530DF} = {86F65A8E-C5B4-4565-A0EA-2BCC8C4B7F1E}
		{345233B1-C3B2-4EA2-AB3D-C9CB4BC6BE60} = {3EF74BDD-97FB-4612-A057-AA606BAC164F}
		{84070B02-944D-4FFD-9C68-DC878CE187F5} = {345233B1-C3B2-4EA2-AB3D-C9CB4BC6BE60}
		{F96BD83B-2F14-4CDF-B8A6-C59DB8F67C23} = {345233B1-C3B2-4EA2-AB3D-C9CB4BC6BE60}
		{E4DFBEB9-65FA-4F43-BA69-16EF9E0D1B70} = {3EF74BDD-97FB-4612-A057-AA606BAC164F}
		{884D8095-9DDC-4BC2-9ADD-CB437FB62778} = {E4DFBEB9-65FA-4F43-BA69-16EF9E0D1B70}
		{87789E1E-EE0F-432A-8553-F1D163CCAA7A} = {E4DFBEB9-65FA-4F43-BA69-16EF9E0D1B70}
		{F623BFE2-55FF-4A17-A8B6-BE2B5354A935} = {E4DFBEB9-65FA-4F43-BA69-16EF9E0D1B70}
		{7526BB68-57B7-4CB2-9D8A-86D65517165E} = {E4DFBEB9-65FA-4F43-BA69-16EF9E0D1B70}
		{0A5F5181-FD68-43F3-B48B-7E48B13CB803} = {F1A38CBC-BD2C-4102-A4E7-1109AE8FD206}
		{14C1171C-938A-4E76-A668-7BB05981A908} = {F1A38CBC-BD2C-4102-A4E7-1109AE8FD206}
		{ED12D0F9-A394-4FCB-A0E7-8CDADF458E5F} = {228A6152-BFA5-48A5-B4FA-D5F0AAF51123}
		{86970D0F-CC7D-447C-8820-A5F0D2B25C3B} = {228A6152-BFA5-48A5-B4FA-D5F0AAF51123}
	EndGlobalSection
	GlobalSection(ExtensibilityGlobals) = postSolution
		SolutionGuid = {B825CAF4-5805-47D7-BF35-0ACA16245EAF}
	EndGlobalSection
EndGlobal
